
Microsoft Visual Studio Solution File, Format Version 12.00
# Visual Studio Version 17
VisualStudioVersion = 17.14.36310.24
MinimumVisualStudioVersion = 10.0.40219.1
Project("{FAE04EC0-301F-11D3-BF4B-00C04F79EFBC}") = "FirstApp", "FirstApp.csproj", "{675A4AFA-BBCD-4C17-A1A2-DF6FBEDBB015}"
EndProject
Project("{FAE04EC0-301F-11D3-BF4B-00C04F79EFBC}") = "CollegeApp", "..\..\Asp.Net-Core-Web-API-Tutorial-master\CollegeApp\CollegeApp.csproj", "{45350CED-4E00-3411-2737-5C400AE5E96C}"
EndProject
Global
	GlobalSection(SolutionConfigurationPlatforms) = preSolution
		Debug|Any CPU = Debug|Any CPU
		Release|Any CPU = Release|Any CPU
	EndGlobalSection
	GlobalSection(ProjectConfigurationPlatforms) = postSolution
		{675A4AFA-BBCD-4C17-A1A2-DF6FBEDBB015}.Debug|Any CPU.ActiveCfg = Debug|Any CPU
		{675A4AFA-BBCD-4C17-A1A2-DF6FBEDBB015}.Debug|Any CPU.Build.0 = Debug|Any CPU
		{675A4AFA-BBCD-4C17-A1A2-DF6FBEDBB015}.Release|Any CPU.ActiveCfg = Release|Any CPU
		{675A4AFA-BBCD-4C17-A1A2-DF6FBEDBB015}.Release|Any CPU.Build.0 = Release|Any CPU
		{45350CED-4E00-3411-2737-5C400AE5E96C}.Debug|Any CPU.ActiveCfg = Debug|Any CPU
		{45350CED-4E00-3411-2737-5C400AE5E96C}.Debug|Any CPU.Build.0 = Debug|Any CPU
		{45350CED-4E00-3411-2737-5C400AE5E96C}.Release|Any CPU.ActiveCfg = Release|Any CPU
		{45350CED-4E00-3411-2737-5C400AE5E96C}.Release|Any CPU.Build.0 = Release|Any CPU
	EndGlobalSection
	GlobalSection(SolutionProperties) = preSolution
		HideSolutionNode = FALSE
	EndGlobalSection
	GlobalSection(ExtensibilityGlobals) = postSolution
		SolutionGuid = {CF48C256-68AC-4BE5-B329-4BB9416428C3}
	EndGlobalSection
EndGlobal
